
Microsoft Visual Studio Solution File, Format Version 12.00
# Visual Studio Version 17
VisualStudioVersion = 17.11.35303.130
MinimumVisualStudioVersion = 10.0.40219.1
Project("{FAE04EC0-301F-11D3-BF4B-00C04F79EFBC}") = "EnvironmentalMetricsService", "EnvironmentalMetricsService.csproj", "{15D37C7C-D7BE-4F45-BDDE-2C2ED8C340F9}"
EndProject
Global
	GlobalSection(SolutionConfigurationPlatforms) = preSolution
		Debug|Any CPU = Debug|Any CPU
		Release|Any CPU = Release|Any CPU
	EndGlobalSection
	GlobalSection(ProjectConfigurationPlatforms) = postSolution
		{15D37C7C-D7BE-4F45-BDDE-2C2ED8C340F9}.Debug|Any CPU.ActiveCfg = Debug|Any CPU
		{15D37C7C-D7BE-4F45-BDDE-2C2ED8C340F9}.Debug|Any CPU.Build.0 = Debug|Any CPU
		{15D37C7C-D7BE-4F45-BDDE-2C2ED8C340F9}.Release|Any CPU.ActiveCfg = Release|Any CPU
		{15D37C7C-D7BE-4F45-BDDE-2C2ED8C340F9}.Release|Any CPU.Build.0 = Release|Any CPU
	EndGlobalSection
	GlobalSection(SolutionProperties) = preSolution
		HideSolutionNode = FALSE
	EndGlobalSection
	GlobalSection(ExtensibilityGlobals) = postSolution
		SolutionGuid = {99775A3F-50E2-4B35-957E-B5325C4674C5}
	EndGlobalSection
EndGlobal
